<?xml version="1.0" encoding="UTF-8" standalone="yes" ?>
<CodeBlocks_project_file>
	<FileVersion major="1" minor="6" />
	<Project>
		<Option title="tgf" />
		<Option pch_mode="2" />
		<Option compiler="gcc" />
		<Build>
			<Target title="Win32 Release">
				<Option output="/home/ueli/SimSoft/code-torcs/torcs/torcs/src/libs/tgf/Release/tgf" prefix_auto="1" extension_auto="1" />
				<Option object_output="Release" />
				<Option type="3" />
				<Option compiler="gcc" />
				<Option createDefFile="1" />
				<Option createStaticLib="1" />
				<Compiler>
					<Add option="-W" />
					<Add option="-fexceptions" />
					<Add option="-O2" />
					<Add option="-DWIN32" />
					<Add option="-DNDEBUG" />
					<Add option="-D_WINDOWS" />
					<Add option="-D_MBCS" />
					<Add option="-D_USRDLL" />
					<Add option="-DTGF_EXPORTS" />
					<Add option="-mcpu=pentiumpro -D_M_IX86=600" />
					<Add option="-finline-functions" />
					<Add directory="../../../export/include" />
					<Add directory="../../windows/include" />
					<Add directory="../../.." />
				</Compiler>
				<Linker>
					<Add option="--dll " />
					<Add library="kernel32" />
					<Add library="user32" />
					<Add library="gdi32" />
					<Add library="winspool" />
					<Add library="comdlg32" />
					<Add library="advapi32" />
					<Add library="shell32" />
					<Add library="ole32" />
					<Add library="oleaut32" />
					<Add library="uuid" />
					<Add library="odbc32" />
					<Add library="odbccp32" />
					<Add library="libpng15_vs6static" />
					<Add library="txml" />
					<Add library="sg" />
					<Add library="ul" />
					<Add directory="../../../export/lib" />
					<Add directory="../../windows/lib" />
				</Linker>
				<ExtraCommands>
					<Add after="copy $(TargetDir)\*.dll ..\..\..\runtime" />
					<Add after="copy $(TargetDir)\*.lib ..\..\..\export\lib" />
				</ExtraCommands>
			</Target>
			<Target title="Win32 Debug">
				<Option output="/home/ueli/SimSoft/code-torcs/torcs/torcs/src/libs/tgf/Debug/tgf" prefix_auto="1" extension_auto="1" />
				<Option object_output="Debug" />
				<Option type="3" />
				<Option compiler="gcc" />
				<Option createDefFile="1" />
				<Option createStaticLib="1" />
				<Compiler>
					<Add option="-W" />
					<Add option="-fexceptions" />
					<Add option="-g" />
					<Add option="-DWIN32" />
					<Add option="-D_DEBUG" />
					<Add option="-D_WINDOWS" />
					<Add option="-D_MBCS" />
					<Add option="-D_USRDLL" />
					<Add option="-DTGF_EXPORTS" />
					<Add option="-mcpu=pentiumpro -D_M_IX86=600" />
					<Add option="-DDEBUG" />
					<Add option="-DDEBUG_OUT" />
					<Add directory="../../../export/include" />
					<Add directory="../../windows/include" />
					<Add directory="../../.." />
				</Compiler>
				<Linker>
					<Add option="--dll " />
					<Add library="kernel32" />
					<Add library="user32" />
					<Add library="gdi32" />
					<Add library="winspool" />
					<Add library="comdlg32" />
					<Add library="advapi32" />
					<Add library="shell32" />
					<Add library="ole32" />
					<Add library="oleaut32" />
					<Add library="uuid" />
					<Add library="odbc32" />
					<Add library="odbccp32" />
					<Add library="libpng15_vs6static" />
					<Add library="txml" />
					<Add library="sg" />
					<Add library="ul" />
					<Add directory="../../../export/libd" />
					<Add directory="../../windows/lib" />
				</Linker>
				<ExtraCommands>
					<Add after="copy $(TargetDir)\*.dll $(WkspDir)\runtimed" />
					<Add after="copy $(TargetDir)\*.lib $(WkspDir)\export\libd" />
				</ExtraCommands>
			</Target>
		</Build>
		<Unit filename="directory.cpp" />
		<Unit filename="hash.cpp" />
		<Unit filename="module.cpp" />
		<Unit filename="os.cpp" />
		<Unit filename="os.h" />
		<Unit filename="params.cpp" />
		<Unit filename="params.h" />
		<Unit filename="tgf.cpp" />
		<Unit filename="tgf.def" />
		<Unit filename="tgf.h" />
		<Unit filename="trace.cpp" />
		<Extensions>
			<code_completion />
			<debugger />
		</Extensions>
	</Project>
</CodeBlocks_project_file>
