<?xml version="1.0" encoding="UTF-8" standalone="yes" ?>
<CodeBlocks_project_file>
	<FileVersion major="1" minor="6" />
	<Project>
		<Option title="berniw" />
		<Option pch_mode="2" />
		<Option compiler="gcc" />
		<Build>
			<Target title="Win32 Release">
				<Option output="/home/ueli/SimSoft/code-torcs/torcs/torcs/src/drivers/berniw/Release/berniw" prefix_auto="1" extension_auto="1" />
				<Option object_output="Release" />
				<Option type="3" />
				<Option compiler="gcc" />
				<Option createDefFile="1" />
				<Option createStaticLib="1" />
				<Compiler>
					<Add option="-W" />
					<Add option="-fexceptions" />
					<Add option="-O2" />
					<Add option="-DWIN32" />
					<Add option="-DNDEBUG" />
					<Add option="-D_WINDOWS" />
					<Add option="-D_MBCS" />
					<Add option="-D_USRDLL" />
					<Add option="-DBERNIW_EXPORTS" />
					<Add option="-mcpu=pentiumpro -D_M_IX86=600" />
					<Add option="-finline-functions" />
					<Add directory="../../../export/include" />
					<Add directory="../../windows/include" />
					<Add directory="../../.." />
				</Compiler>
				<Linker>
					<Add option="--dll " />
					<Add library="kernel32" />
					<Add library="user32" />
					<Add library="gdi32" />
					<Add library="winspool" />
					<Add library="comdlg32" />
					<Add library="advapi32" />
					<Add library="shell32" />
					<Add library="ole32" />
					<Add library="oleaut32" />
					<Add library="uuid" />
					<Add library="odbc32" />
					<Add library="odbccp32" />
					<Add library="tgf" />
					<Add library="robottools" />
					<Add library="sg" />
					<Add library="ul" />
					<Add directory="../../../export/lib" />
					<Add directory="../../windows/lib" />
				</Linker>
				<ExtraCommands>
					<Add after="copy $(TargetDir)\*.dll $(WkspDir)\runtime\drivers\berniw" />
				</ExtraCommands>
			</Target>
			<Target title="Win32 Debug">
				<Option output="/home/ueli/SimSoft/code-torcs/torcs/torcs/src/drivers/berniw/Debug/berniw" prefix_auto="1" extension_auto="1" />
				<Option object_output="Debug" />
				<Option type="3" />
				<Option compiler="gcc" />
				<Option createDefFile="1" />
				<Option createStaticLib="1" />
				<Compiler>
					<Add option="-W" />
					<Add option="-fexceptions" />
					<Add option="-g" />
					<Add option="-DWIN32" />
					<Add option="-D_DEBUG" />
					<Add option="-D_WINDOWS" />
					<Add option="-D_MBCS" />
					<Add option="-D_USRDLL" />
					<Add option="-DBERNIW_EXPORTS" />
					<Add option="-mcpu=pentiumpro -D_M_IX86=600" />
					<Add option="-DDEBUG" />
					<Add option="-DDEBUG_OUT" />
					<Add directory="../../../export/include" />
					<Add directory="../../windows/include" />
					<Add directory="../../.." />
				</Compiler>
				<Linker>
					<Add option="--dll " />
					<Add library="kernel32" />
					<Add library="user32" />
					<Add library="gdi32" />
					<Add library="winspool" />
					<Add library="comdlg32" />
					<Add library="advapi32" />
					<Add library="shell32" />
					<Add library="ole32" />
					<Add library="oleaut32" />
					<Add library="uuid" />
					<Add library="odbc32" />
					<Add library="odbccp32" />
					<Add library="tgf" />
					<Add library="robottools" />
					<Add library="sg" />
					<Add library="ul" />
					<Add directory="../../../export/libd" />
					<Add directory="../../windows/lib" />
				</Linker>
				<ExtraCommands>
					<Add after="copy $(TargetDir)\*.dll $(WkspDir)\runtimed\drivers\berniw" />
				</ExtraCommands>
			</Target>
		</Build>
		<Unit filename="berniw.cpp" />
		<Unit filename="berniw.def" />
		<Unit filename="berniw.h" />
		<Unit filename="linalg.h" />
		<Unit filename="mycar.cpp" />
		<Unit filename="mycar.h" />
		<Unit filename="pathfinder.cpp" />
		<Unit filename="pathfinder.h" />
		<Unit filename="spline.cpp" />
		<Unit filename="spline.h" />
		<Unit filename="trackdesc.cpp" />
		<Unit filename="trackdesc.h" />
		<Extensions>
			<code_completion />
			<debugger />
		</Extensions>
	</Project>
</CodeBlocks_project_file>
